{
    "_readme": [
        "This file locks the dependencies of your project to a known state",
        "Read more about it at https://getcomposer.org/doc/01-basic-usage.md#installing-dependencies",
        "This file is @generated automatically"
    ],
    "content-hash": "31edfdea190a400092e88723de8084a2",
    "packages": [
        {
            "name": "9peak/php-tool",
            "version": "dev-master",
            "source": {
                "type": "git",
                "url": "https://github.com/9PEAK/PHP-Tool.git",
                "reference": "906d79a1c0d7a1d39ae5b4b7f164294578ad129d"
            },
            "dist": {
                "type": "zip",
                "url": "https://api.github.com/repos/9PEAK/PHP-Tool/zipball/906d79a1c0d7a1d39ae5b4b7f164294578ad129d",
                "reference": "906d79a1c0d7a1d39ae5b4b7f164294578ad129d",
                "shasum": ""
            },
            "require": {
                "php": ">= 5.3"
            },
            "type": "library",
            "autoload": {
                "psr-4": {
                    "Peak\\Tool\\": "src"
                }
            },
            "notification-url": "https://packagist.org/downloads/",
            "license": [
                "MIT"
            ],
            "authors": [
                {
                    "name": "Kane Young / 杨祥凯",
                    "email": "52653784@qq.com"
                }
            ],
            "description": "PHP-Tool Integration.",
            "keywords": [
                "9peak",
                "php",
                "php tool"
            ],
            "time": "2018-07-25T09:21:48+00:00"
        },
        {
            "name": "php-curl-class/php-curl-class",
            "version": "7.4.0",
            "source": {
                "type": "git",
                "url": "https://github.com/php-curl-class/php-curl-class.git",
                "reference": "c15f23ce5d52a4c68b69640ed6510a9d2a98ec6f"
            },
            "dist": {
                "type": "zip",
                "url": "https://api.github.com/repos/php-curl-class/php-curl-class/zipball/c15f23ce5d52a4c68b69640ed6510a9d2a98ec6f",
                "reference": "c15f23ce5d52a4c68b69640ed6510a9d2a98ec6f",
                "shasum": ""
            },
            "require": {
                "ext-curl": "*",
                "php": ">=5.3"
            },
            "require-dev": {
                "phpunit/phpunit": "*",
                "squizlabs/php_codesniffer": "*"
            },
            "type": "library",
            "autoload": {
                "psr-4": {
                    "Curl\\": "src/Curl/"
                }
            },
            "notification-url": "https://packagist.org/downloads/",
            "license": [
                "Unlicense"
            ],
            "authors": [
                {
                    "name": "Zach Borboa"
                }
            ],
            "description": "PHP Curl Class makes it easy to send HTTP requests and integrate with web APIs.",
            "homepage": "https://github.com/php-curl-class/php-curl-class",
            "keywords": [
                "api",
                "class",
                "client",
                "curl",
                "framework",
                "http",
                "http client",
                "json",
                "php",
                "requests",
                "rest",
                "restful",
                "web service",
                "xml"
            ],
            "time": "2017-09-04T21:38:09+00:00"
        }
    ],
    "packages-dev": [],
    "aliases": [],
    "minimum-stability": "dev",
    "stability-flags": {
        "9peak/php-tool": 20
    },
    "prefer-stable": false,
    "prefer-lowest": false,
    "platform": {
        "php": ">= 5.4"
    },
    "platform-dev": []
}
